
Microsoft Visual Studio Solution File, Format Version 12.00
# Visual Studio Version 17
VisualStudioVersion = 17.12.35506.116
MinimumVisualStudioVersion = 10.0.40219.1
Project("{FAE04EC0-301F-11D3-BF4B-00C04F79EFBC}") = "Day1", "Day1\Day1.csproj", "{032C2516-8B99-4319-96B5-2AA787C23DB7}"
EndProject
Project("{FAE04EC0-301F-11D3-BF4B-00C04F79EFBC}") = "Day2", "Day2\Day2.csproj", "{925EE8F7-B323-438A-8F2D-475584A67316}"
EndProject
Project("{FAE04EC0-301F-11D3-BF4B-00C04F79EFBC}") = "Day3", "Day3\Day3.csproj", "{C7DAE74E-9540-47CF-AFAD-7988E25EA575}"
EndProject
Project("{FAE04EC0-301F-11D3-BF4B-00C04F79EFBC}") = "Day4", "Day4\Day4.csproj", "{38E490B8-0B31-4A8A-BEFE-800B88C1F2FB}"
EndProject
Global
	GlobalSection(SolutionConfigurationPlatforms) = preSolution
		Debug|Any CPU = Debug|Any CPU
		Release|Any CPU = Release|Any CPU
	EndGlobalSection
	GlobalSection(ProjectConfigurationPlatforms) = postSolution
		{032C2516-8B99-4319-96B5-2AA787C23DB7}.Debug|Any CPU.ActiveCfg = Debug|Any CPU
		{032C2516-8B99-4319-96B5-2AA787C23DB7}.Debug|Any CPU.Build.0 = Debug|Any CPU
		{032C2516-8B99-4319-96B5-2AA787C23DB7}.Release|Any CPU.ActiveCfg = Release|Any CPU
		{032C2516-8B99-4319-96B5-2AA787C23DB7}.Release|Any CPU.Build.0 = Release|Any CPU
		{925EE8F7-B323-438A-8F2D-475584A67316}.Debug|Any CPU.ActiveCfg = Debug|Any CPU
		{925EE8F7-B323-438A-8F2D-475584A67316}.Debug|Any CPU.Build.0 = Debug|Any CPU
		{925EE8F7-B323-438A-8F2D-475584A67316}.Release|Any CPU.ActiveCfg = Release|Any CPU
		{925EE8F7-B323-438A-8F2D-475584A67316}.Release|Any CPU.Build.0 = Release|Any CPU
		{C7DAE74E-9540-47CF-AFAD-7988E25EA575}.Debug|Any CPU.ActiveCfg = Debug|Any CPU
		{C7DAE74E-9540-47CF-AFAD-7988E25EA575}.Debug|Any CPU.Build.0 = Debug|Any CPU
		{C7DAE74E-9540-47CF-AFAD-7988E25EA575}.Release|Any CPU.ActiveCfg = Release|Any CPU
		{C7DAE74E-9540-47CF-AFAD-7988E25EA575}.Release|Any CPU.Build.0 = Release|Any CPU
		{38E490B8-0B31-4A8A-BEFE-800B88C1F2FB}.Debug|Any CPU.ActiveCfg = Debug|Any CPU
		{38E490B8-0B31-4A8A-BEFE-800B88C1F2FB}.Debug|Any CPU.Build.0 = Debug|Any CPU
		{38E490B8-0B31-4A8A-BEFE-800B88C1F2FB}.Release|Any CPU.ActiveCfg = Release|Any CPU
		{38E490B8-0B31-4A8A-BEFE-800B88C1F2FB}.Release|Any CPU.Build.0 = Release|Any CPU
	EndGlobalSection
	GlobalSection(SolutionProperties) = preSolution
		HideSolutionNode = FALSE
	EndGlobalSection
EndGlobal
